
Microsoft Visual Studio Solution File, Format Version 12.00
# Visual Studio 15
VisualStudioVersion = 15.0.28010.0
MinimumVisualStudioVersion = 10.0.40219.1
Project("{FAE04EC0-301F-11D3-BF4B-00C04F79EFBC}") = "VISTA", "VISTA\VISTA.csproj", "{6FFB56C0-3684-467B-8F09-F78733193384}"
EndProject
Project("{FAE04EC0-301F-11D3-BF4B-00C04F79EFBC}") = "CONTROLADORA", "CONTROLADORA\CONTROLADORA.csproj", "{CE19D620-128F-4096-8894-BC1100977445}"
EndProject
Project("{FAE04EC0-301F-11D3-BF4B-00C04F79EFBC}") = "MODELO", "MODELO\MODELO.csproj", "{214A752C-E14E-42CC-962A-EFA16042CF85}"
EndProject
Project("{FAE04EC0-301F-11D3-BF4B-00C04F79EFBC}") = "DATOS", "DATOS\DATOS.csproj", "{BA46A6D1-0A74-45D1-9052-8835458020AD}"
EndProject
Project("{FAE04EC0-301F-11D3-BF4B-00C04F79EFBC}") = "COMUN", "COMUN\COMUN.csproj", "{21F742EE-E636-4200-848E-92C2CB85AF3D}"
EndProject
Global
	GlobalSection(SolutionConfigurationPlatforms) = preSolution
		Debug|Any CPU = Debug|Any CPU
		Release|Any CPU = Release|Any CPU
	EndGlobalSection
	GlobalSection(ProjectConfigurationPlatforms) = postSolution
		{6FFB56C0-3684-467B-8F09-F78733193384}.Debug|Any CPU.ActiveCfg = Debug|Any CPU
		{6FFB56C0-3684-467B-8F09-F78733193384}.Debug|Any CPU.Build.0 = Debug|Any CPU
		{6FFB56C0-3684-467B-8F09-F78733193384}.Release|Any CPU.ActiveCfg = Release|Any CPU
		{6FFB56C0-3684-467B-8F09-F78733193384}.Release|Any CPU.Build.0 = Release|Any CPU
		{CE19D620-128F-4096-8894-BC1100977445}.Debug|Any CPU.ActiveCfg = Debug|Any CPU
		{CE19D620-128F-4096-8894-BC1100977445}.Debug|Any CPU.Build.0 = Debug|Any CPU
		{CE19D620-128F-4096-8894-BC1100977445}.Release|Any CPU.ActiveCfg = Release|Any CPU
		{CE19D620-128F-4096-8894-BC1100977445}.Release|Any CPU.Build.0 = Release|Any CPU
		{214A752C-E14E-42CC-962A-EFA16042CF85}.Debug|Any CPU.ActiveCfg = Debug|Any CPU
		{214A752C-E14E-42CC-962A-EFA16042CF85}.Debug|Any CPU.Build.0 = Debug|Any CPU
		{214A752C-E14E-42CC-962A-EFA16042CF85}.Release|Any CPU.ActiveCfg = Release|Any CPU
		{214A752C-E14E-42CC-962A-EFA16042CF85}.Release|Any CPU.Build.0 = Release|Any CPU
		{BA46A6D1-0A74-45D1-9052-8835458020AD}.Debug|Any CPU.ActiveCfg = Debug|Any CPU
		{BA46A6D1-0A74-45D1-9052-8835458020AD}.Debug|Any CPU.Build.0 = Debug|Any CPU
		{BA46A6D1-0A74-45D1-9052-8835458020AD}.Release|Any CPU.ActiveCfg = Release|Any CPU
		{BA46A6D1-0A74-45D1-9052-8835458020AD}.Release|Any CPU.Build.0 = Release|Any CPU
		{21F742EE-E636-4200-848E-92C2CB85AF3D}.Debug|Any CPU.ActiveCfg = Debug|Any CPU
		{21F742EE-E636-4200-848E-92C2CB85AF3D}.Debug|Any CPU.Build.0 = Debug|Any CPU
		{21F742EE-E636-4200-848E-92C2CB85AF3D}.Release|Any CPU.ActiveCfg = Release|Any CPU
		{21F742EE-E636-4200-848E-92C2CB85AF3D}.Release|Any CPU.Build.0 = Release|Any CPU
	EndGlobalSection
	GlobalSection(SolutionProperties) = preSolution
		HideSolutionNode = FALSE
	EndGlobalSection
	GlobalSection(ExtensibilityGlobals) = postSolution
		SolutionGuid = {73E81D34-5615-49A1-9239-982CB33500FC}
	EndGlobalSection
EndGlobal
